
Microsoft Visual Studio Solution File, Format Version 12.00
# Visual Studio Version 17
VisualStudioVersion = 17.2.32505.173
MinimumVisualStudioVersion = 10.0.40219.1
Project("{9A19103F-16F7-4668-BE54-9A1E7A4F7556}") = "Ex01-SJ ReversedString", "Ex01-SJ ReversedString\Ex01-SJ ReversedString.csproj", "{5C0B593D-D72D-44DA-8832-E35028820CDE}"
EndProject
Project("{9A19103F-16F7-4668-BE54-9A1E7A4F7556}") = "Ex02-SJ Stack Sum", "Ex02-SJ Stack Sum\Ex02-SJ Stack Sum.csproj", "{7944D04A-929B-4713-8816-3166DFBD599F}"
EndProject
Project("{9A19103F-16F7-4668-BE54-9A1E7A4F7556}") = "Ex03-SJ-Simple Calculator", "Ex03-SJ-Simple Calculator\Ex03-SJ-Simple Calculator.csproj", "{2EF01FF1-BC49-4A1F-B919-0FE89556E363}"
EndProject
Project("{9A19103F-16F7-4668-BE54-9A1E7A4F7556}") = "Ex4-SJ- Print Even Numbers", "Ex4-SJ- Print Even Numbers\Ex4-SJ- Print Even Numbers.csproj", "{119B506A-63A5-4087-A596-444D0B1831F0}"
EndProject
Project("{9A19103F-16F7-4668-BE54-9A1E7A4F7556}") = "Ex05-SJ-Supermarket-Kaufland", "Ex05-SJ-Supermarket-Kaufland\Ex05-SJ-Supermarket-Kaufland.csproj", "{66B4DFFC-B405-4446-8752-8D7A6AA0CC36}"
EndProject
Project("{9A19103F-16F7-4668-BE54-9A1E7A4F7556}") = "Ex06-SJ-Trafiic Jam", "Ex06-SJ-Hot Potato\Ex06-SJ-Trafiic Jam.csproj", "{F6DB868F-F11A-48CA-9527-5E4DD59B70C9}"
EndProject
Project("{FAE04EC0-301F-11D3-BF4B-00C04F79EFBC}") = "Ex0.01-SJ Basic Stack Operations", "Ex0.01-SJ Basic Stack Operations\Ex0.01-SJ Basic Stack Operations.csproj", "{F1D012DE-4749-4937-A143-3DB447830ED9}"
EndProject
Project("{FAE04EC0-301F-11D3-BF4B-00C04F79EFBC}") = "Ex0.02-SJ-Fast food", "Ex0.02-SJ-Fast food\Ex0.02-SJ-Fast food.csproj", "{889C929F-647E-46BD-8E1A-008122167373}"
EndProject
Global
	GlobalSection(SolutionConfigurationPlatforms) = preSolution
		Debug|Any CPU = Debug|Any CPU
		Release|Any CPU = Release|Any CPU
	EndGlobalSection
	GlobalSection(ProjectConfigurationPlatforms) = postSolution
		{5C0B593D-D72D-44DA-8832-E35028820CDE}.Debug|Any CPU.ActiveCfg = Debug|Any CPU
		{5C0B593D-D72D-44DA-8832-E35028820CDE}.Debug|Any CPU.Build.0 = Debug|Any CPU
		{5C0B593D-D72D-44DA-8832-E35028820CDE}.Release|Any CPU.ActiveCfg = Release|Any CPU
		{5C0B593D-D72D-44DA-8832-E35028820CDE}.Release|Any CPU.Build.0 = Release|Any CPU
		{7944D04A-929B-4713-8816-3166DFBD599F}.Debug|Any CPU.ActiveCfg = Debug|Any CPU
		{7944D04A-929B-4713-8816-3166DFBD599F}.Debug|Any CPU.Build.0 = Debug|Any CPU
		{7944D04A-929B-4713-8816-3166DFBD599F}.Release|Any CPU.ActiveCfg = Release|Any CPU
		{7944D04A-929B-4713-8816-3166DFBD599F}.Release|Any CPU.Build.0 = Release|Any CPU
		{2EF01FF1-BC49-4A1F-B919-0FE89556E363}.Debug|Any CPU.ActiveCfg = Debug|Any CPU
		{2EF01FF1-BC49-4A1F-B919-0FE89556E363}.Debug|Any CPU.Build.0 = Debug|Any CPU
		{2EF01FF1-BC49-4A1F-B919-0FE89556E363}.Release|Any CPU.ActiveCfg = Release|Any CPU
		{2EF01FF1-BC49-4A1F-B919-0FE89556E363}.Release|Any CPU.Build.0 = Release|Any CPU
		{119B506A-63A5-4087-A596-444D0B1831F0}.Debug|Any CPU.ActiveCfg = Debug|Any CPU
		{119B506A-63A5-4087-A596-444D0B1831F0}.Debug|Any CPU.Build.0 = Debug|Any CPU
		{119B506A-63A5-4087-A596-444D0B1831F0}.Release|Any CPU.ActiveCfg = Release|Any CPU
		{119B506A-63A5-4087-A596-444D0B1831F0}.Release|Any CPU.Build.0 = Release|Any CPU
		{66B4DFFC-B405-4446-8752-8D7A6AA0CC36}.Debug|Any CPU.ActiveCfg = Debug|Any CPU
		{66B4DFFC-B405-4446-8752-8D7A6AA0CC36}.Debug|Any CPU.Build.0 = Debug|Any CPU
		{66B4DFFC-B405-4446-8752-8D7A6AA0CC36}.Release|Any CPU.ActiveCfg = Release|Any CPU
		{66B4DFFC-B405-4446-8752-8D7A6AA0CC36}.Release|Any CPU.Build.0 = Release|Any CPU
		{F6DB868F-F11A-48CA-9527-5E4DD59B70C9}.Debug|Any CPU.ActiveCfg = Debug|Any CPU
		{F6DB868F-F11A-48CA-9527-5E4DD59B70C9}.Debug|Any CPU.Build.0 = Debug|Any CPU
		{F6DB868F-F11A-48CA-9527-5E4DD59B70C9}.Release|Any CPU.ActiveCfg = Release|Any CPU
		{F6DB868F-F11A-48CA-9527-5E4DD59B70C9}.Release|Any CPU.Build.0 = Release|Any CPU
		{F1D012DE-4749-4937-A143-3DB447830ED9}.Debug|Any CPU.ActiveCfg = Debug|Any CPU
		{F1D012DE-4749-4937-A143-3DB447830ED9}.Debug|Any CPU.Build.0 = Debug|Any CPU
		{F1D012DE-4749-4937-A143-3DB447830ED9}.Release|Any CPU.ActiveCfg = Release|Any CPU
		{F1D012DE-4749-4937-A143-3DB447830ED9}.Release|Any CPU.Build.0 = Release|Any CPU
		{889C929F-647E-46BD-8E1A-008122167373}.Debug|Any CPU.ActiveCfg = Debug|Any CPU
		{889C929F-647E-46BD-8E1A-008122167373}.Debug|Any CPU.Build.0 = Debug|Any CPU
		{889C929F-647E-46BD-8E1A-008122167373}.Release|Any CPU.ActiveCfg = Release|Any CPU
		{889C929F-647E-46BD-8E1A-008122167373}.Release|Any CPU.Build.0 = Release|Any CPU
	EndGlobalSection
	GlobalSection(SolutionProperties) = preSolution
		HideSolutionNode = FALSE
	EndGlobalSection
	GlobalSection(ExtensibilityGlobals) = postSolution
		SolutionGuid = {9F8D5E8E-8887-4752-BFF3-1BE3AFBD7181}
	EndGlobalSection
EndGlobal
